
Microsoft Visual Studio Solution File, Format Version 12.00
# Visual Studio Version 16
VisualStudioVersion = 16.0.32602.291
MinimumVisualStudioVersion = 10.0.40219.1
Project("{FAE04EC0-301F-11D3-BF4B-00C04F79EFBC}") = "LibraryManagementApi", "LibraryManagementApi.csproj", "{61348572-3D5B-4ED0-8D58-2784D4A9E235}"
EndProject
Global
	GlobalSection(SolutionConfigurationPlatforms) = preSolution
		Debug|Any CPU = Debug|Any CPU
		Release|Any CPU = Release|Any CPU
	EndGlobalSection
	GlobalSection(ProjectConfigurationPlatforms) = postSolution
		{61348572-3D5B-4ED0-8D58-2784D4A9E235}.Debug|Any CPU.ActiveCfg = Debug|Any CPU
		{61348572-3D5B-4ED0-8D58-2784D4A9E235}.Debug|Any CPU.Build.0 = Debug|Any CPU
		{61348572-3D5B-4ED0-8D58-2784D4A9E235}.Release|Any CPU.ActiveCfg = Release|Any CPU
		{61348572-3D5B-4ED0-8D58-2784D4A9E235}.Release|Any CPU.Build.0 = Release|Any CPU
	EndGlobalSection
	GlobalSection(SolutionProperties) = preSolution
		HideSolutionNode = FALSE
	EndGlobalSection
	GlobalSection(ExtensibilityGlobals) = postSolution
		SolutionGuid = {BC4537BC-81B0-470D-802A-466F751C2D6A}
	EndGlobalSection
EndGlobal
